
Microsoft Visual Studio Solution File, Format Version 12.00
# Visual Studio 15
VisualStudioVersion = 15.0.28307.421
MinimumVisualStudioVersion = 10.0.40219.1
Project("{FAE04EC0-301F-11D3-BF4B-00C04F79EFBC}") = "MyDemo1", "MyDemo1\MyDemo1.csproj", "{DDBFF192-0D41-428A-B3EE-4F302FDFA778}"
EndProject
Global
	GlobalSection(SolutionConfigurationPlatforms) = preSolution
		Debug|Any CPU = Debug|Any CPU
		Release|Any CPU = Release|Any CPU
	EndGlobalSection
	GlobalSection(ProjectConfigurationPlatforms) = postSolution
		{DDBFF192-0D41-428A-B3EE-4F302FDFA778}.Debug|Any CPU.ActiveCfg = Debug|Any CPU
		{DDBFF192-0D41-428A-B3EE-4F302FDFA778}.Debug|Any CPU.Build.0 = Debug|Any CPU
		{DDBFF192-0D41-428A-B3EE-4F302FDFA778}.Release|Any CPU.ActiveCfg = Release|Any CPU
		{DDBFF192-0D41-428A-B3EE-4F302FDFA778}.Release|Any CPU.Build.0 = Release|Any CPU
	EndGlobalSection
	GlobalSection(SolutionProperties) = preSolution
		HideSolutionNode = FALSE
	EndGlobalSection
	GlobalSection(ExtensibilityGlobals) = postSolution
		SolutionGuid = {2BDC8083-945D-4B06-96E7-59D8F9DC3A8F}
	EndGlobalSection
EndGlobal
